
Microsoft Visual Studio Solution File, Format Version 12.00
# Visual Studio 15
VisualStudioVersion = 15.0.28307.271
MinimumVisualStudioVersion = 10.0.40219.1
Project("{FAE04EC0-301F-11D3-BF4B-00C04F79EFBC}") = "project_csharp", "project_csharp\project_csharp.csproj", "{F6ED036D-F360-4274-A97D-5FC26A5D861B}"
EndProject
Global
	GlobalSection(SolutionConfigurationPlatforms) = preSolution
		Debug|Any CPU = Debug|Any CPU
		Release|Any CPU = Release|Any CPU
	EndGlobalSection
	GlobalSection(ProjectConfigurationPlatforms) = postSolution
		{F6ED036D-F360-4274-A97D-5FC26A5D861B}.Debug|Any CPU.ActiveCfg = Debug|Any CPU
		{F6ED036D-F360-4274-A97D-5FC26A5D861B}.Debug|Any CPU.Build.0 = Debug|Any CPU
		{F6ED036D-F360-4274-A97D-5FC26A5D861B}.Release|Any CPU.ActiveCfg = Release|Any CPU
		{F6ED036D-F360-4274-A97D-5FC26A5D861B}.Release|Any CPU.Build.0 = Release|Any CPU
	EndGlobalSection
	GlobalSection(SolutionProperties) = preSolution
		HideSolutionNode = FALSE
	EndGlobalSection
	GlobalSection(ExtensibilityGlobals) = postSolution
		SolutionGuid = {3102F5AB-CF68-4E8F-90D2-B0A4F67690C0}
	EndGlobalSection
EndGlobal
